<?xml version="1.0" encoding="utf-8"?>
<Project ToolsVersion="4.0" xmlns="http://schemas.microsoft.com/developer/msbuild/2003">
  <ItemGroup>
    <Filter Include="源文件">
      <UniqueIdentifier>{4FC737F1-C7A5-4376-A066-2A32D752A2FF}</UniqueIdentifier>
      <Extensions>cpp;c;cc;cxx;c++;cppm;ixx;def;odl;idl;hpj;bat;asm;asmx</Extensions>
    </Filter>
    <Filter Include="头文件">
      <UniqueIdentifier>{93995380-89BD-4b04-88EB-625FBE52EBFB}</UniqueIdentifier>
      <Extensions>h;hh;hpp;hxx;h++;hm;inl;inc;ipp;xsd</Extensions>
    </Filter>
    <Filter Include="资源文件">
      <UniqueIdentifier>{67DA6AB6-F800-4c08-8B7A-83BB121AAD01}</UniqueIdentifier>
      <Extensions>rc;ico;cur;bmp;dlg;rc2;rct;bin;rgs;gif;jpg;jpeg;jpe;resx;tiff;tif;png;wav;mfcribbon-ms</Extensions>
    </Filter>
  </ItemGroup>
  <ItemGroup>
    <ClCompile Include="回文数.cpp">
      <Filter>源文件</Filter>
    </ClCompile>
    <ClCompile Include="多边形获胜.cpp">
      <Filter>源文件</Filter>
    </ClCompile>
    <ClCompile Include="排队，男女人数相等.cpp">
      <Filter>源文件</Filter>
    </ClCompile>
    <ClCompile Include="炸铁路.cpp">
      <Filter>源文件</Filter>
    </ClCompile>
    <ClCompile Include="转账.cpp">
      <Filter>源文件</Filter>
    </ClCompile>
    <ClCompile Include="股票购买.cpp">
      <Filter>源文件</Filter>
    </ClCompile>
    <ClCompile Include="偷窃.cpp">
      <Filter>源文件</Filter>
    </ClCompile>
    <ClCompile Include="区间贪心（时间安排）.cpp">
      <Filter>源文件</Filter>
    </ClCompile>
    <ClCompile Include="数的分解.cpp">
      <Filter>源文件</Filter>
    </ClCompile>
    <ClCompile Include="迷宫.cpp">
      <Filter>源文件</Filter>
    </ClCompile>
    <ClCompile Include="特别数的和.cpp">
      <Filter>源文件</Filter>
    </ClCompile>
    <ClCompile Include="等差数列.cpp">
      <Filter>源文件</Filter>
    </ClCompile>
    <ClCompile Include="全排列.cpp">
      <Filter>源文件</Filter>
    </ClCompile>
    <ClCompile Include="后缀表达式.cpp">
      <Filter>源文件</Filter>
    </ClCompile>
    <ClCompile Include="源.cpp">
      <Filter>源文件</Filter>
    </ClCompile>
    <ClCompile Include="灵能传输.cpp">
      <Filter>源文件</Filter>
    </ClCompile>
    <ClCompile Include="Equidistant Letters.cpp">
      <Filter>源文件</Filter>
    </ClCompile>
    <ClCompile Include="Minor Reduction.cpp">
      <Filter>源文件</Filter>
    </ClCompile>
    <ClCompile Include="Monsters And Spells.cpp">
      <Filter>源文件</Filter>
    </ClCompile>
    <ClCompile Include="try.cpp">
      <Filter>源文件</Filter>
    </ClCompile>
  </ItemGroup>
</Project>